
Microsoft Visual Studio Solution File, Format Version 12.00
# Visual Studio Version 16
VisualStudioVersion = 16.0.29424.173
MinimumVisualStudioVersion = 10.0.40219.1
Project("{FAE04EC0-301F-11D3-BF4B-00C04F79EFBC}") = "ArNN", "ArNN\ArNN.csproj", "{499CA2F1-FD79-4C9E-AA38-E21FBD36BA55}"
EndProject
Global
	GlobalSection(SolutionConfigurationPlatforms) = preSolution
		Debug|Any CPU = Debug|Any CPU
		Release|Any CPU = Release|Any CPU
	EndGlobalSection
	GlobalSection(ProjectConfigurationPlatforms) = postSolution
		{499CA2F1-FD79-4C9E-AA38-E21FBD36BA55}.Debug|Any CPU.ActiveCfg = Debug|Any CPU
		{499CA2F1-FD79-4C9E-AA38-E21FBD36BA55}.Debug|Any CPU.Build.0 = Debug|Any CPU
		{499CA2F1-FD79-4C9E-AA38-E21FBD36BA55}.Release|Any CPU.ActiveCfg = Release|Any CPU
		{499CA2F1-FD79-4C9E-AA38-E21FBD36BA55}.Release|Any CPU.Build.0 = Release|Any CPU
	EndGlobalSection
	GlobalSection(SolutionProperties) = preSolution
		HideSolutionNode = FALSE
	EndGlobalSection
	GlobalSection(ExtensibilityGlobals) = postSolution
		SolutionGuid = {A28365C1-7B3E-4749-BF54-5F9400CB11E5}
	EndGlobalSection
EndGlobal
